
Microsoft Visual Studio Solution File, Format Version 12.00
# Visual Studio Version 16
VisualStudioVersion = 16.0.28917.181
MinimumVisualStudioVersion = 10.0.40219.1
Project("{FAE04EC0-301F-11D3-BF4B-00C04F79EFBC}") = "WFornecedor", "WFornecedor.csproj", "{E9CF160A-DF35-4CE9-AB08-81A9C58E90D7}"
EndProject
Global
	GlobalSection(SolutionConfigurationPlatforms) = preSolution
		Debug|Any CPU = Debug|Any CPU
		Release|Any CPU = Release|Any CPU
	EndGlobalSection
	GlobalSection(ProjectConfigurationPlatforms) = postSolution
		{E9CF160A-DF35-4CE9-AB08-81A9C58E90D7}.Debug|Any CPU.ActiveCfg = Debug|Any CPU
		{E9CF160A-DF35-4CE9-AB08-81A9C58E90D7}.Debug|Any CPU.Build.0 = Debug|Any CPU
		{E9CF160A-DF35-4CE9-AB08-81A9C58E90D7}.Release|Any CPU.ActiveCfg = Release|Any CPU
		{E9CF160A-DF35-4CE9-AB08-81A9C58E90D7}.Release|Any CPU.Build.0 = Release|Any CPU
	EndGlobalSection
	GlobalSection(SolutionProperties) = preSolution
		HideSolutionNode = FALSE
	EndGlobalSection
	GlobalSection(ExtensibilityGlobals) = postSolution
		SolutionGuid = {CE606B6F-5E02-4BC5-A594-556DEB297780}
	EndGlobalSection
EndGlobal
