
Microsoft Visual Studio Solution File, Format Version 12.00
# Visual Studio Version 16
VisualStudioVersion = 16.0.29215.179
MinimumVisualStudioVersion = 10.0.40219.1
Project("{FAE04EC0-301F-11D3-BF4B-00C04F79EFBC}") = "DLL_TESTE", "DLL_TESTE.csproj", "{31F79559-1B02-4DBB-B4FB-5D822775A04B}"
EndProject
Project("{FAE04EC0-301F-11D3-BF4B-00C04F79EFBC}") = "API_DLL", "API_DLL\API_DLL.csproj", "{1D1C6134-4EBE-41CA-9D6F-3227A7F8A816}"
EndProject
Global
	GlobalSection(SolutionConfigurationPlatforms) = preSolution
		Debug|Any CPU = Debug|Any CPU
		Release|Any CPU = Release|Any CPU
	EndGlobalSection
	GlobalSection(ProjectConfigurationPlatforms) = postSolution
		{31F79559-1B02-4DBB-B4FB-5D822775A04B}.Debug|Any CPU.ActiveCfg = Debug|Any CPU
		{31F79559-1B02-4DBB-B4FB-5D822775A04B}.Debug|Any CPU.Build.0 = Debug|Any CPU
		{31F79559-1B02-4DBB-B4FB-5D822775A04B}.Release|Any CPU.ActiveCfg = Release|Any CPU
		{31F79559-1B02-4DBB-B4FB-5D822775A04B}.Release|Any CPU.Build.0 = Release|Any CPU
		{1D1C6134-4EBE-41CA-9D6F-3227A7F8A816}.Debug|Any CPU.ActiveCfg = Debug|Any CPU
		{1D1C6134-4EBE-41CA-9D6F-3227A7F8A816}.Debug|Any CPU.Build.0 = Debug|Any CPU
		{1D1C6134-4EBE-41CA-9D6F-3227A7F8A816}.Release|Any CPU.ActiveCfg = Release|Any CPU
		{1D1C6134-4EBE-41CA-9D6F-3227A7F8A816}.Release|Any CPU.Build.0 = Release|Any CPU
	EndGlobalSection
	GlobalSection(SolutionProperties) = preSolution
		HideSolutionNode = FALSE
	EndGlobalSection
	GlobalSection(ExtensibilityGlobals) = postSolution
		SolutionGuid = {A1D37BFE-8FCB-48EB-85BC-ED1E66F60344}
	EndGlobalSection
EndGlobal
